%{
  "earmark_parser": {:hex, :earmark_parser, "1.4.19", "de0d033d5ff9fc396a24eadc2fcf2afa3d120841eb3f1004d138cbf9273210e8", [:mix], [], "hexpm", "527ab6630b5c75c3a3960b75844c314ec305c76d9899bb30f71cb85952a9dc45"},
  "ex_doc": {:hex, :ex_doc, "0.28.0", "7eaf526dd8c80ae8c04d52ac8801594426ae322b52a6156cd038f30bafa8226f", [:mix], [{:earmark_parser, "~> 1.4.19", [hex: :earmark_parser, repo: "hexpm", optional: false]}, {:makeup_elixir, "~> 0.14", [hex: :makeup_elixir, repo: "hexpm", optional: false]}, {:makeup_erlang, "~> 0.1", [hex: :makeup_erlang, repo: "hexpm", optional: false]}], "hexpm", "e55cdadf69a5d1f4cfd8477122ebac5e1fadd433a8c1022dafc5025e48db0131"},
  "expo": {:hex, :expo, "0.1.0-beta.4", "4f68f50437b7e6342abe67fa34d01b6af3cd410b5c9224c7e99c51958fc0de78", [:mix], [{:nimble_parsec, "~> 1.2", [hex: :nimble_parsec, repo: "hexpm", optional: false]}], "hexpm", "6cdb0c7ffd19577ae2e328618dafd950f621c7c2441802853217461f283e906e"},
  "makeup": {:hex, :makeup, "1.0.5", "d5a830bc42c9800ce07dd97fa94669dfb93d3bf5fcf6ea7a0c67b2e0e4a7f26c", [:mix], [{:nimble_parsec, "~> 0.5 or ~> 1.0", [hex: :nimble_parsec, repo: "hexpm", optional: false]}], "hexpm", "cfa158c02d3f5c0c665d0af11512fed3fba0144cf1aadee0f2ce17747fba2ca9"},
  "makeup_elixir": {:hex, :makeup_elixir, "0.15.2", "dc72dfe17eb240552857465cc00cce390960d9a0c055c4ccd38b70629227e97c", [:mix], [{:makeup, "~> 1.0", [hex: :makeup, repo: "hexpm", optional: false]}, {:nimble_parsec, "~> 1.1", [hex: :nimble_parsec, repo: "hexpm", optional: false]}], "hexpm", "fd23ae48d09b32eff49d4ced2b43c9f086d402ee4fd4fcb2d7fad97fa8823e75"},
  "makeup_erlang": {:hex, :makeup_erlang, "0.1.1", "3fcb7f09eb9d98dc4d208f49cc955a34218fc41ff6b84df7c75b3e6e533cc65f", [:mix], [{:makeup, "~> 1.0", [hex: :makeup, repo: "hexpm", optional: false]}], "hexpm", "174d0809e98a4ef0b3309256cbf97101c6ec01c4ab0b23e926a9e17df2077cbb"},
  "nimble_parsec": {:hex, :nimble_parsec, "1.2.3", "244836e6e3f1200c7f30cb56733fd808744eca61fd182f731eac4af635cc6d0b", [:mix], [], "hexpm", "c8d789e39b9131acf7b99291e93dae60ab48ef14a7ee9d58c6964f59efb570b0"},
}
